dependencies:
- name: mariadb
  repository: https://marketplace.azurecr.io/helm/v1/repo
  version: 11.3.3
- name: common
  repository: https://marketplace.azurecr.io/helm/v1/repo
  version: 2.1.2
digest: sha256:e98ab1ea9b33f3e2c7f98eb97f9eb1e465709a4b6e70dbd26b18a060548486f2
generated: "2022-11-03T02:03:59.625471994Z"
