dependencies:
- name: mysql
  repository: https://marketplace.azurecr.io/helm/v1/repo
  version: 9.3.5
- name: common
  repository: https://marketplace.azurecr.io/helm/v1/repo
  version: 2.0.3
digest: sha256:4baac4e14cb0221b4e4301f1570e3ce3b162843c5443119e5210f90f6810eaaa
generated: "2022-10-22T00:08:18.488889246Z"
