dependencies:
- name: mariadb
  repository: https://marketplace.azurecr.io/helm/v1/repo
  version: 11.3.3
- name: common
  repository: https://marketplace.azurecr.io/helm/v1/repo
  version: 2.0.4
digest: sha256:e955d03c3395361542216bdc11f930687d652f5431f327d90a5bc7854bad08e0
generated: "2022-10-28T10:12:12.689648092Z"
