dependencies:
- name: mariadb
  repository: https://marketplace.azurecr.io/helm/v1/repo
  version: 11.3.1
- name: common
  repository: https://marketplace.azurecr.io/helm/v1/repo
  version: 2.0.3
digest: sha256:7d19bfa506fc92192809c3220ba4e607124892b87d998c3521ef3c0c5700a40f
generated: "2022-10-12T22:15:55.547665501Z"
