dependencies:
- name: memcached
  repository: https://marketplace.azurecr.io/helm/v1/repo
  version: 6.3.0
- name: mariadb
  repository: https://marketplace.azurecr.io/helm/v1/repo
  version: 11.3.3
- name: common
  repository: https://marketplace.azurecr.io/helm/v1/repo
  version: 2.1.2
digest: sha256:7be6dd79c891836faf325ecdedb3b86091af077da4a2453c68b5809a61bcebca
generated: "2022-11-09T08:31:51.4365291Z"
