dependencies:
- name: mariadb
  repository: https://marketplace.azurecr.io/helm/v1/repo
  version: 11.3.1
- name: common
  repository: https://marketplace.azurecr.io/helm/v1/repo
  version: 2.0.3
digest: sha256:a0852f0e550f0a5b44e0ec8f07c4787d0ae524f9c335c70301fad1358f42dd25
generated: "2022-10-03T12:18:34.754806976Z"
