dependencies:
- name: postgresql
  repository: https://marketplace.azurecr.io/helm/v1/repo
  version: 12.0.0
- name: common
  repository: https://marketplace.azurecr.io/helm/v1/repo
  version: 2.1.2
digest: sha256:0187ddb4b27ed51b21fe008a35bdef2dd2e8d47c8217c72e516130967c401466
generated: "2022-11-08T16:25:19.060307574Z"
